github.com/dustin/go-humanize v1.0.0 h1:VSnTsYCnlFHaM2/igO1h6X3HA71jcobQuxemgkq4zYo=
github.com/dustin/go-humanize v1.0.0/go.mod h1:HtrtbFcZ19U5GC7JDqmcUSB87Iq5E25KnS6fMYU6eOk=
github.com/yudapc/go-rupiah v0.0.0-20191125064410-802df8589ba5 h1:UduQ8IS25qRGgXltzQb9yY1sl9+zI1mh82T66OtfLFk=
github.com/yudapc/go-rupiah v0.0.0-20191125064410-802df8589ba5/go.mod h1:9lzqQvSXEFbIHfAJMHzVSGGzuIc4S3376zBEJIIkA38=
